
Microsoft Visual Studio Solution File, Format Version 12.00
# Visual Studio 15
VisualStudioVersion = 15.0.27004.2009
MinimumVisualStudioVersion = 10.0.40219.1
Project("{2150E333-8FDC-42A3-9474-1A3956D46DE8}") = "01 DbCommon", "01 DbCommon", "{E5F67EB9-2BDE-47AB-A711-C2B00265EDED}"
EndProject
Project("{2150E333-8FDC-42A3-9474-1A3956D46DE8}") = "02 Common", "02 Common", "{5EEC6527-729E-4D06-87BB-0B5D82FE36C5}"
EndProject
Project("{2150E333-8FDC-42A3-9474-1A3956D46DE8}") = "03 Factory", "03 Factory", "{DB2A633C-C8DD-4F88-88E4-871887B9EE18}"
EndProject
Project("{2150E333-8FDC-42A3-9474-1A3956D46DE8}") = "04 Service", "04 Service", "{96D77755-A254-41E9-93FD-FD89C0FB1536}"
EndProject
Project("{2150E333-8FDC-42A3-9474-1A3956D46DE8}") = "05 WEB", "05 WEB", "{EBC8AB69-5C22-4123-8F1E-2739C8B8E8E0}"
EndProject
Project("{2150E333-8FDC-42A3-9474-1A3956D46DE8}") = "06 Test", "06 Test", "{5A3B1CFE-3E84-4B7D-8D5D-BF315E68B886}"
EndProject
Project("{9A19103F-16F7-4668-BE54-9A1E7A4F7556}") = "DotnetCore.DbCommon", "DotnetCore.DbCommon\DotnetCore.DbCommon.csproj", "{CFEB26EC-ECA8-4D21-BE27-A743A7E11CA3}"
EndProject
Project("{9A19103F-16F7-4668-BE54-9A1E7A4F7556}") = "DotnetCore.Infrastructure", "DotnetCore.Infrastructure\DotnetCore.Infrastructure.csproj", "{F75FF378-F04D-4C10-AD2D-97855C1F37F0}"
EndProject
Project("{FAE04EC0-301F-11D3-BF4B-00C04F79EFBC}") = "DotnetCore.Code", "DotnetCore.Code\DotnetCore.Code.csproj", "{D4AFB414-5E84-43C3-B515-8FADB8B6C0D6}"
EndProject
Project("{FAE04EC0-301F-11D3-BF4B-00C04F79EFBC}") = "DotnetCore.Code.Mvc", "DotnetCore.Code.Mvc\DotnetCore.Code.Mvc.csproj", "{7587893E-E7EE-4FC0-8A35-55938BE45834}"
EndProject
Project("{FAE04EC0-301F-11D3-BF4B-00C04F79EFBC}") = "DotnetCore.Model", "DotnetCore.Model\DotnetCore.Model.csproj", "{F5A842CF-4782-4034-9BD9-B35A20413861}"
EndProject
Project("{FAE04EC0-301F-11D3-BF4B-00C04F79EFBC}") = "DotnetCore.IDbFactory", "DotnetCore.IDbFactory\DotnetCore.IDbFactory.csproj", "{D03FA572-9CBB-4F9C-B9F1-3A0F2F4C7EA1}"
EndProject
Project("{FAE04EC0-301F-11D3-BF4B-00C04F79EFBC}") = "DotnetCore.IRepository", "DotnetCore.IRepository\DotnetCore.IRepository.csproj", "{C01036F2-802C-449B-A9E9-178CAB199E47}"
EndProject
Project("{FAE04EC0-301F-11D3-BF4B-00C04F79EFBC}") = "DotnetCore.Repository", "DotnetCore.Repository\DotnetCore.Repository.csproj", "{18CB35A7-4552-4E66-84EA-7BE277D115D8}"
EndProject
Project("{FAE04EC0-301F-11D3-BF4B-00C04F79EFBC}") = "DotnetCore.MysqlDbFactory", "DotnetCore.MysqlDbFactory\DotnetCore.MysqlDbFactory.csproj", "{2A334AF9-9B0D-4A7C-A605-339C0170F528}"
EndProject
Project("{FAE04EC0-301F-11D3-BF4B-00C04F79EFBC}") = "DotnetCore.SqlServerDbFactory", "DotnetCore.SqlServerDbFactory\DotnetCore.SqlServerDbFactory.csproj", "{67D2D60A-80D7-4C0E-910E-DF6FBCD5CDB8}"
EndProject
Project("{FAE04EC0-301F-11D3-BF4B-00C04F79EFBC}") = "DotnetCore.Domain", "DotnetCore.Domain\DotnetCore.Domain.csproj", "{5E776F95-DA3D-4327-8B91-44CDD1F48BFE}"
EndProject
Project("{FAE04EC0-301F-11D3-BF4B-00C04F79EFBC}") = "DotnetCore.Service", "DotnetCore.Service\DotnetCore.Service.csproj", "{9A027EBD-AB48-4D49-8EC2-8819BF773A47}"
EndProject
Project("{2150E333-8FDC-42A3-9474-1A3956D46DE8}") = "Bootstrap", "Bootstrap", "{376EBDF9-C18B-4F34-9A01-413FFBE9859A}"
EndProject
Project("{FAE04EC0-301F-11D3-BF4B-00C04F79EFBC}") = "DotnetCode.Controller.Base", "DotnetCode.Controller.Base\DotnetCode.Controller.Base.csproj", "{C28B5181-FD44-4B31-B6B5-18939152581A}"
EndProject
Project("{FAE04EC0-301F-11D3-BF4B-00C04F79EFBC}") = "DotnetCode.Controller.Permission", "DotnetCode.Controller.Permission\DotnetCode.Controller.Permission.csproj", "{722412D5-5ADB-4229-8BE4-9278CE5439E5}"
EndProject
Project("{FAE04EC0-301F-11D3-BF4B-00C04F79EFBC}") = "DotnetCore.Controller.Account", "DotnetCore.Controller.Account\DotnetCore.Controller.Account.csproj", "{7E406003-4EED-4B9E-A594-8482E953D345}"
EndProject
Project("{FAE04EC0-301F-11D3-BF4B-00C04F79EFBC}") = "DotnetCoreWeb", "DotnetCoreWeb\DotnetCoreWeb.csproj", "{17DC0ADC-24CD-4FA7-95F0-B8D7D54104D8}"
EndProject
Project("{FAE04EC0-301F-11D3-BF4B-00C04F79EFBC}") = "Test", "Test\Test.csproj", "{D5FD1FD4-BBBF-49E9-9922-BE7C4A1F5031}"
EndProject
Global
	GlobalSection(SolutionConfigurationPlatforms) = preSolution
		Debug|Any CPU = Debug|Any CPU
		Release|Any CPU = Release|Any CPU
	EndGlobalSection
	GlobalSection(ProjectConfigurationPlatforms) = postSolution
		{CFEB26EC-ECA8-4D21-BE27-A743A7E11CA3}.Debug|Any CPU.ActiveCfg = Debug|Any CPU
		{CFEB26EC-ECA8-4D21-BE27-A743A7E11CA3}.Debug|Any CPU.Build.0 = Debug|Any CPU
		{CFEB26EC-ECA8-4D21-BE27-A743A7E11CA3}.Release|Any CPU.ActiveCfg = Release|Any CPU
		{CFEB26EC-ECA8-4D21-BE27-A743A7E11CA3}.Release|Any CPU.Build.0 = Release|Any CPU
		{F75FF378-F04D-4C10-AD2D-97855C1F37F0}.Debug|Any CPU.ActiveCfg = Debug|Any CPU
		{F75FF378-F04D-4C10-AD2D-97855C1F37F0}.Debug|Any CPU.Build.0 = Debug|Any CPU
		{F75FF378-F04D-4C10-AD2D-97855C1F37F0}.Release|Any CPU.ActiveCfg = Release|Any CPU
		{F75FF378-F04D-4C10-AD2D-97855C1F37F0}.Release|Any CPU.Build.0 = Release|Any CPU
		{D4AFB414-5E84-43C3-B515-8FADB8B6C0D6}.Debug|Any CPU.ActiveCfg = Debug|Any CPU
		{D4AFB414-5E84-43C3-B515-8FADB8B6C0D6}.Debug|Any CPU.Build.0 = Debug|Any CPU
		{D4AFB414-5E84-43C3-B515-8FADB8B6C0D6}.Release|Any CPU.ActiveCfg = Release|Any CPU
		{D4AFB414-5E84-43C3-B515-8FADB8B6C0D6}.Release|Any CPU.Build.0 = Release|Any CPU
		{7587893E-E7EE-4FC0-8A35-55938BE45834}.Debug|Any CPU.ActiveCfg = Debug|Any CPU
		{7587893E-E7EE-4FC0-8A35-55938BE45834}.Debug|Any CPU.Build.0 = Debug|Any CPU
		{7587893E-E7EE-4FC0-8A35-55938BE45834}.Release|Any CPU.ActiveCfg = Release|Any CPU
		{7587893E-E7EE-4FC0-8A35-55938BE45834}.Release|Any CPU.Build.0 = Release|Any CPU
		{F5A842CF-4782-4034-9BD9-B35A20413861}.Debug|Any CPU.ActiveCfg = Debug|Any CPU
		{F5A842CF-4782-4034-9BD9-B35A20413861}.Debug|Any CPU.Build.0 = Debug|Any CPU
		{F5A842CF-4782-4034-9BD9-B35A20413861}.Release|Any CPU.ActiveCfg = Release|Any CPU
		{F5A842CF-4782-4034-9BD9-B35A20413861}.Release|Any CPU.Build.0 = Release|Any CPU
		{D03FA572-9CBB-4F9C-B9F1-3A0F2F4C7EA1}.Debug|Any CPU.ActiveCfg = Debug|Any CPU
		{D03FA572-9CBB-4F9C-B9F1-3A0F2F4C7EA1}.Debug|Any CPU.Build.0 = Debug|Any CPU
		{D03FA572-9CBB-4F9C-B9F1-3A0F2F4C7EA1}.Release|Any CPU.ActiveCfg = Release|Any CPU
		{D03FA572-9CBB-4F9C-B9F1-3A0F2F4C7EA1}.Release|Any CPU.Build.0 = Release|Any CPU
		{C01036F2-802C-449B-A9E9-178CAB199E47}.Debug|Any CPU.ActiveCfg = Debug|Any CPU
		{C01036F2-802C-449B-A9E9-178CAB199E47}.Debug|Any CPU.Build.0 = Debug|Any CPU
		{C01036F2-802C-449B-A9E9-178CAB199E47}.Release|Any CPU.ActiveCfg = Release|Any CPU
		{C01036F2-802C-449B-A9E9-178CAB199E47}.Release|Any CPU.Build.0 = Release|Any CPU
		{18CB35A7-4552-4E66-84EA-7BE277D115D8}.Debug|Any CPU.ActiveCfg = Debug|Any CPU
		{18CB35A7-4552-4E66-84EA-7BE277D115D8}.Debug|Any CPU.Build.0 = Debug|Any CPU
		{18CB35A7-4552-4E66-84EA-7BE277D115D8}.Release|Any CPU.ActiveCfg = Release|Any CPU
		{18CB35A7-4552-4E66-84EA-7BE277D115D8}.Release|Any CPU.Build.0 = Release|Any CPU
		{2A334AF9-9B0D-4A7C-A605-339C0170F528}.Debug|Any CPU.ActiveCfg = Debug|Any CPU
		{2A334AF9-9B0D-4A7C-A605-339C0170F528}.Debug|Any CPU.Build.0 = Debug|Any CPU
		{2A334AF9-9B0D-4A7C-A605-339C0170F528}.Release|Any CPU.ActiveCfg = Release|Any CPU
		{2A334AF9-9B0D-4A7C-A605-339C0170F528}.Release|Any CPU.Build.0 = Release|Any CPU
		{67D2D60A-80D7-4C0E-910E-DF6FBCD5CDB8}.Debug|Any CPU.ActiveCfg = Debug|Any CPU
		{67D2D60A-80D7-4C0E-910E-DF6FBCD5CDB8}.Debug|Any CPU.Build.0 = Debug|Any CPU
		{67D2D60A-80D7-4C0E-910E-DF6FBCD5CDB8}.Release|Any CPU.ActiveCfg = Release|Any CPU
		{67D2D60A-80D7-4C0E-910E-DF6FBCD5CDB8}.Release|Any CPU.Build.0 = Release|Any CPU
		{5E776F95-DA3D-4327-8B91-44CDD1F48BFE}.Debug|Any CPU.ActiveCfg = Debug|Any CPU
		{5E776F95-DA3D-4327-8B91-44CDD1F48BFE}.Debug|Any CPU.Build.0 = Debug|Any CPU
		{5E776F95-DA3D-4327-8B91-44CDD1F48BFE}.Release|Any CPU.ActiveCfg = Release|Any CPU
		{5E776F95-DA3D-4327-8B91-44CDD1F48BFE}.Release|Any CPU.Build.0 = Release|Any CPU
		{9A027EBD-AB48-4D49-8EC2-8819BF773A47}.Debug|Any CPU.ActiveCfg = Debug|Any CPU
		{9A027EBD-AB48-4D49-8EC2-8819BF773A47}.Debug|Any CPU.Build.0 = Debug|Any CPU
		{9A027EBD-AB48-4D49-8EC2-8819BF773A47}.Release|Any CPU.ActiveCfg = Release|Any CPU
		{9A027EBD-AB48-4D49-8EC2-8819BF773A47}.Release|Any CPU.Build.0 = Release|Any CPU
		{C28B5181-FD44-4B31-B6B5-18939152581A}.Debug|Any CPU.ActiveCfg = Debug|Any CPU
		{C28B5181-FD44-4B31-B6B5-18939152581A}.Debug|Any CPU.Build.0 = Debug|Any CPU
		{C28B5181-FD44-4B31-B6B5-18939152581A}.Release|Any CPU.ActiveCfg = Release|Any CPU
		{C28B5181-FD44-4B31-B6B5-18939152581A}.Release|Any CPU.Build.0 = Release|Any CPU
		{722412D5-5ADB-4229-8BE4-9278CE5439E5}.Debug|Any CPU.ActiveCfg = Debug|Any CPU
		{722412D5-5ADB-4229-8BE4-9278CE5439E5}.Debug|Any CPU.Build.0 = Debug|Any CPU
		{722412D5-5ADB-4229-8BE4-9278CE5439E5}.Release|Any CPU.ActiveCfg = Release|Any CPU
		{722412D5-5ADB-4229-8BE4-9278CE5439E5}.Release|Any CPU.Build.0 = Release|Any CPU
		{7E406003-4EED-4B9E-A594-8482E953D345}.Debug|Any CPU.ActiveCfg = Debug|Any CPU
		{7E406003-4EED-4B9E-A594-8482E953D345}.Debug|Any CPU.Build.0 = Debug|Any CPU
		{7E406003-4EED-4B9E-A594-8482E953D345}.Release|Any CPU.ActiveCfg = Release|Any CPU
		{7E406003-4EED-4B9E-A594-8482E953D345}.Release|Any CPU.Build.0 = Release|Any CPU
		{17DC0ADC-24CD-4FA7-95F0-B8D7D54104D8}.Debug|Any CPU.ActiveCfg = Debug|Any CPU
		{17DC0ADC-24CD-4FA7-95F0-B8D7D54104D8}.Debug|Any CPU.Build.0 = Debug|Any CPU
		{17DC0ADC-24CD-4FA7-95F0-B8D7D54104D8}.Release|Any CPU.ActiveCfg = Release|Any CPU
		{17DC0ADC-24CD-4FA7-95F0-B8D7D54104D8}.Release|Any CPU.Build.0 = Release|Any CPU
		{D5FD1FD4-BBBF-49E9-9922-BE7C4A1F5031}.Debug|Any CPU.ActiveCfg = Debug|Any CPU
		{D5FD1FD4-BBBF-49E9-9922-BE7C4A1F5031}.Debug|Any CPU.Build.0 = Debug|Any CPU
		{D5FD1FD4-BBBF-49E9-9922-BE7C4A1F5031}.Release|Any CPU.ActiveCfg = Release|Any CPU
		{D5FD1FD4-BBBF-49E9-9922-BE7C4A1F5031}.Release|Any CPU.Build.0 = Release|Any CPU
	EndGlobalSection
	GlobalSection(SolutionProperties) = preSolution
		HideSolutionNode = FALSE
	EndGlobalSection
	GlobalSection(NestedProjects) = preSolution
		{CFEB26EC-ECA8-4D21-BE27-A743A7E11CA3} = {E5F67EB9-2BDE-47AB-A711-C2B00265EDED}
		{F75FF378-F04D-4C10-AD2D-97855C1F37F0} = {E5F67EB9-2BDE-47AB-A711-C2B00265EDED}
		{D4AFB414-5E84-43C3-B515-8FADB8B6C0D6} = {5EEC6527-729E-4D06-87BB-0B5D82FE36C5}
		{7587893E-E7EE-4FC0-8A35-55938BE45834} = {5EEC6527-729E-4D06-87BB-0B5D82FE36C5}
		{F5A842CF-4782-4034-9BD9-B35A20413861} = {5EEC6527-729E-4D06-87BB-0B5D82FE36C5}
		{D03FA572-9CBB-4F9C-B9F1-3A0F2F4C7EA1} = {DB2A633C-C8DD-4F88-88E4-871887B9EE18}
		{C01036F2-802C-449B-A9E9-178CAB199E47} = {96D77755-A254-41E9-93FD-FD89C0FB1536}
		{18CB35A7-4552-4E66-84EA-7BE277D115D8} = {96D77755-A254-41E9-93FD-FD89C0FB1536}
		{2A334AF9-9B0D-4A7C-A605-339C0170F528} = {DB2A633C-C8DD-4F88-88E4-871887B9EE18}
		{67D2D60A-80D7-4C0E-910E-DF6FBCD5CDB8} = {DB2A633C-C8DD-4F88-88E4-871887B9EE18}
		{5E776F95-DA3D-4327-8B91-44CDD1F48BFE} = {96D77755-A254-41E9-93FD-FD89C0FB1536}
		{9A027EBD-AB48-4D49-8EC2-8819BF773A47} = {96D77755-A254-41E9-93FD-FD89C0FB1536}
		{376EBDF9-C18B-4F34-9A01-413FFBE9859A} = {EBC8AB69-5C22-4123-8F1E-2739C8B8E8E0}
		{C28B5181-FD44-4B31-B6B5-18939152581A} = {EBC8AB69-5C22-4123-8F1E-2739C8B8E8E0}
		{722412D5-5ADB-4229-8BE4-9278CE5439E5} = {EBC8AB69-5C22-4123-8F1E-2739C8B8E8E0}
		{7E406003-4EED-4B9E-A594-8482E953D345} = {EBC8AB69-5C22-4123-8F1E-2739C8B8E8E0}
		{17DC0ADC-24CD-4FA7-95F0-B8D7D54104D8} = {376EBDF9-C18B-4F34-9A01-413FFBE9859A}
		{D5FD1FD4-BBBF-49E9-9922-BE7C4A1F5031} = {5A3B1CFE-3E84-4B7D-8D5D-BF315E68B886}
	EndGlobalSection
	GlobalSection(ExtensibilityGlobals) = postSolution
		SolutionGuid = {B2333232-7548-4D1A-91D2-17757453B208}
	EndGlobalSection
EndGlobal
